<?xml version="1.0" encoding="utf-8"?>
<Project ToolsVersion="12.0" xmlns="http://schemas.microsoft.com/developer/msbuild/2003">
  <ItemGroup>
    <ClCompile Include="..\src\algorithm.c">
      <Filter>Source Files</Filter>
    </ClCompile>
    <ClCompile Include="..\src\api.c">
      <Filter>Source Files</Filter>
    </ClCompile>
    <ClCompile Include="..\src\bootloader.c">
      <Filter>Source Files</Filter>
    </ClCompile>
    <ClCompile Include="..\src\commands.c">
      <Filter>Source Files</Filter>
    </ClCompile>
    <ClCompile Include="..\src\flowparser.c">
      <Filter>Source Files</Filter>
    </ClCompile>
    <ClCompile Include="..\src\iobuffer.c">
      <Filter>Source Files</Filter>
    </ClCompile>
    <ClCompile Include="..\src\platform-win32.c">
      <Filter>Source Files</Filter>
    </ClCompile>
    <ClCompile Include="..\src\protosup.c">
      <Filter>Source Files</Filter>
    </ClCompile>
    <ClCompile Include="..\src\util.c">
      <Filter>Source Files</Filter>
    </ClCompile>
    <ClCompile Include="..\src\devvirt.c">
      <Filter>Source Files</Filter>
    </ClCompile>
    <ClCompile Include="..\src\handlers.c">
      <Filter>Source Files</Filter>
    </ClCompile>
  </ItemGroup>
  <ItemGroup>
    <ClInclude Include="..\src\algorithm.h">
      <Filter>Header Files</Filter>
    </ClInclude>
    <ClInclude Include="..\src\api.h">
      <Filter>Header Files</Filter>
    </ClInclude>
    <ClInclude Include="..\src\atomicrun.h">
      <Filter>Header Files</Filter>
    </ClInclude>
    <ClInclude Include="..\bootloader\src\bootloader.h">
      <Filter>Header Files</Filter>
    </ClInclude>
    <ClInclude Include="..\bootloader\src\commands.h">
      <Filter>Header Files</Filter>
    </ClInclude>
    <ClInclude Include="..\src\common.h">
      <Filter>Header Files</Filter>
    </ClInclude>
    <ClInclude Include="..\src\flowparser.h">
      <Filter>Header Files</Filter>
    </ClInclude>
    <ClInclude Include="..\src\handlers.h">
      <Filter>Header Files</Filter>
    </ClInclude>
    <ClInclude Include="..\src\iobuffer.h">
      <Filter>Header Files</Filter>
    </ClInclude>
    <ClInclude Include="..\bootloader\src\macro.h">
      <Filter>Header Files</Filter>
    </ClInclude>
    <ClInclude Include="..\bootloader\src\metadata.h">
      <Filter>Header Files</Filter>
    </ClInclude>
    <ClInclude Include="..\bootloader\src\platform.h">
      <Filter>Header Files</Filter>
    </ClInclude>
    <ClInclude Include="..\bootloader\src\protosup.h">
      <Filter>Header Files</Filter>
    </ClInclude>
    <ClInclude Include="..\src\settings.h">
      <Filter>Header Files</Filter>
    </ClInclude>
    <ClInclude Include="..\src\sglib.h">
      <Filter>Header Files</Filter>
    </ClInclude>
    <ClInclude Include="..\bootloader\src\types.h">
      <Filter>Header Files</Filter>
    </ClInclude>
    <ClInclude Include="..\bootloader\src\util.h">
      <Filter>Header Files</Filter>
    </ClInclude>
  </ItemGroup>
  <ItemGroup>
    <CustomBuild Include="C:\Users\alukashov\Documents\bootloader\src\CMakeLists.txt" />
  </ItemGroup>
  <ItemGroup>
    <Filter Include="Source Files">
      <UniqueIdentifier>{598CDBF4-2254-394A-9B54-670DC5359B23}</UniqueIdentifier>
    </Filter>
    <Filter Include="Header Files">
      <UniqueIdentifier>{59262A88-85F1-3AC3-83E6-FDF2B2E6190B}</UniqueIdentifier>
    </Filter>
  </ItemGroup>
</Project>